{
  "object": {
    "pins": [
      {
        "package": "SnapshotTesting",
        "repositoryURL": "https://github.com/pointfreeco/swift-snapshot-testing",
        "state": {
          "branch": "master",
          "revision": "1d770c110b8d6e361951586a2497b2ee510b13fb",
          "version": null
        }
      }
    ]
  },
  "version": 1
}
